
Microsoft Visual Studio Solution File, Format Version 12.00
# Visual Studio Version 17
VisualStudioVersion = 17.1.32407.343
MinimumVisualStudioVersion = 10.0.40219.1
Project("{9A19103F-16F7-4668-BE54-9A1E7A4F7556}") = "MyDB.Dto", "MyDB.Dto.csproj", "{478CBB3E-1263-4A7C-9FB7-073BC0FEB7E4}"
EndProject
Project("{FAE04EC0-301F-11D3-BF4B-00C04F79EFBC}") = "MyDB.BuisenessLayer", "..\MyDB.BuisenessLayer\MyDB.BuisenessLayer.csproj", "{962B725D-2216-4E6E-BFD4-69AD6521EDB0}"
EndProject
Project("{FAE04EC0-301F-11D3-BF4B-00C04F79EFBC}") = "MyDB.DataAccess", "..\MyDM.DataAccess\MyDB.DataAccess.csproj", "{DCCA2B9D-982A-49A3-B331-D744A6B66FFA}"
EndProject
Project("{FAE04EC0-301F-11D3-BF4B-00C04F79EFBC}") = "MyDB", "..\MyDB\MyDB.csproj", "{36AB1F87-AED5-4852-A34D-5BB074DDA7A6}"
EndProject
Global
	GlobalSection(SolutionConfigurationPlatforms) = preSolution
		Debug|Any CPU = Debug|Any CPU
		Release|Any CPU = Release|Any CPU
	EndGlobalSection
	GlobalSection(ProjectConfigurationPlatforms) = postSolution
		{478CBB3E-1263-4A7C-9FB7-073BC0FEB7E4}.Debug|Any CPU.ActiveCfg = Debug|Any CPU
		{478CBB3E-1263-4A7C-9FB7-073BC0FEB7E4}.Debug|Any CPU.Build.0 = Debug|Any CPU
		{478CBB3E-1263-4A7C-9FB7-073BC0FEB7E4}.Release|Any CPU.ActiveCfg = Release|Any CPU
		{478CBB3E-1263-4A7C-9FB7-073BC0FEB7E4}.Release|Any CPU.Build.0 = Release|Any CPU
		{962B725D-2216-4E6E-BFD4-69AD6521EDB0}.Debug|Any CPU.ActiveCfg = Debug|Any CPU
		{962B725D-2216-4E6E-BFD4-69AD6521EDB0}.Debug|Any CPU.Build.0 = Debug|Any CPU
		{962B725D-2216-4E6E-BFD4-69AD6521EDB0}.Release|Any CPU.ActiveCfg = Release|Any CPU
		{962B725D-2216-4E6E-BFD4-69AD6521EDB0}.Release|Any CPU.Build.0 = Release|Any CPU
		{DCCA2B9D-982A-49A3-B331-D744A6B66FFA}.Debug|Any CPU.ActiveCfg = Debug|Any CPU
		{DCCA2B9D-982A-49A3-B331-D744A6B66FFA}.Debug|Any CPU.Build.0 = Debug|Any CPU
		{DCCA2B9D-982A-49A3-B331-D744A6B66FFA}.Release|Any CPU.ActiveCfg = Release|Any CPU
		{DCCA2B9D-982A-49A3-B331-D744A6B66FFA}.Release|Any CPU.Build.0 = Release|Any CPU
		{36AB1F87-AED5-4852-A34D-5BB074DDA7A6}.Debug|Any CPU.ActiveCfg = Debug|Any CPU
		{36AB1F87-AED5-4852-A34D-5BB074DDA7A6}.Debug|Any CPU.Build.0 = Debug|Any CPU
		{36AB1F87-AED5-4852-A34D-5BB074DDA7A6}.Release|Any CPU.ActiveCfg = Release|Any CPU
		{36AB1F87-AED5-4852-A34D-5BB074DDA7A6}.Release|Any CPU.Build.0 = Release|Any CPU
	EndGlobalSection
	GlobalSection(SolutionProperties) = preSolution
		HideSolutionNode = FALSE
	EndGlobalSection
	GlobalSection(ExtensibilityGlobals) = postSolution
		SolutionGuid = {DBFD4524-2818-4C60-AFCA-976F42A2B9E4}
	EndGlobalSection
EndGlobal
